{
    "_readme": [
        "This file locks the dependencies of your project to a known state",
        "Read more about it at https://getcomposer.org/doc/01-basic-usage.md#composer-lock-the-lock-file",
        "This file is @generated automatically"
    ],
    "content-hash": "cbc91c94e060d2c867f4f070b597cc6e",
    "packages": [
        {
            "name": "liftkit/curl",
            "version": "v1.0.1",
            "source": {
                "type": "git",
                "url": "https://github.com/liftkit/curl.git",
                "reference": "f091ee069c7d06300c7c80b54ffb83d88fcaa3f2"
            },
            "dist": {
                "type": "zip",
                "url": "https://api.github.com/repos/liftkit/curl/zipball/f091ee069c7d06300c7c80b54ffb83d88fcaa3f2",
                "reference": "f091ee069c7d06300c7c80b54ffb83d88fcaa3f2",
                "shasum": ""
            },
            "type": "library",
            "autoload": {
                "psr-4": {
                    "LiftKit\\": "src/"
                }
            },
            "notification-url": "https://packagist.org/downloads/",
            "license": [
                "LGPL-2.1-only"
            ],
            "authors": [
                {
                    "name": "Ryan Williams",
                    "email": "rwilliams@stream9.net",
                    "homepage": "https://www.stream9.net",
                    "role": "Developer"
                }
            ],
            "description": "LiftKit cURL library",
            "time": "2018-01-29T14:51:07+00:00"
        }
    ],
    "packages-dev": [],
    "aliases": [],
    "minimum-stability": "stable",
    "stability-flags": [],
    "prefer-stable": false,
    "prefer-lowest": false,
    "platform": [],
    "platform-dev": []
}
