{
    "_readme": [
        "This file locks the dependencies of your project to a known state",
        "Read more about it at https://getcomposer.org/doc/01-basic-usage.md#composer-lock-the-lock-file",
        "This file is @generated automatically"
    ],
    "hash": "becebd6169055ae5f9a9ab71990ce4b3",
    "content-hash": "cbc91c94e060d2c867f4f070b597cc6e",
    "packages": [
        {
            "name": "liftkit/curl",
            "version": "v1.0.0",
            "source": {
                "type": "git",
                "url": "https://github.com/liftkit/curl.git",
                "reference": "383256d5e76601b31c6ca6dec37c1257c1dd005c"
            },
            "dist": {
                "type": "zip",
                "url": "https://api.github.com/repos/liftkit/curl/zipball/383256d5e76601b31c6ca6dec37c1257c1dd005c",
                "reference": "383256d5e76601b31c6ca6dec37c1257c1dd005c",
                "shasum": ""
            },
            "type": "library",
            "autoload": {
                "psr-4": {
                    "LiftKit\\": "src/"
                }
            },
            "notification-url": "https://packagist.org/downloads/",
            "license": [
                "LGP-2.1"
            ],
            "authors": [
                {
                    "name": "Ryan Williams",
                    "email": "rwilliams@stream9.net",
                    "homepage": "https://www.stream9.net",
                    "role": "Developer"
                }
            ],
            "description": "LiftKit cURL library",
            "time": "2016-04-21 14:02:02"
        }
    ],
    "packages-dev": [],
    "aliases": [],
    "minimum-stability": "stable",
    "stability-flags": [],
    "prefer-stable": false,
    "prefer-lowest": false,
    "platform": [],
    "platform-dev": []
}
